
Microsoft Visual Studio Solution File, Format Version 12.00
# Visual Studio Version 16
VisualStudioVersion = 16.0.31129.286
MinimumVisualStudioVersion = 10.0.40219.1
Project("{9A19103F-16F7-4668-BE54-9A1E7A4F7556}") = "ApiToDoApp", "ApiToDoApp\ApiToDoApp.csproj", "{C49F7DB7-ABB0-480D-B298-CD6BE21EF59B}"
EndProject
Project("{9A19103F-16F7-4668-BE54-9A1E7A4F7556}") = "ClientToDoApp", "ClientToDoApp\ClientToDoApp.csproj", "{03B7A58F-BE2C-443C-896C-013AF2C0BCBE}"
EndProject
Global
	GlobalSection(SolutionConfigurationPlatforms) = preSolution
		Debug|Any CPU = Debug|Any CPU
		Release|Any CPU = Release|Any CPU
	EndGlobalSection
	GlobalSection(ProjectConfigurationPlatforms) = postSolution
		{C49F7DB7-ABB0-480D-B298-CD6BE21EF59B}.Debug|Any CPU.ActiveCfg = Debug|Any CPU
		{C49F7DB7-ABB0-480D-B298-CD6BE21EF59B}.Debug|Any CPU.Build.0 = Debug|Any CPU
		{C49F7DB7-ABB0-480D-B298-CD6BE21EF59B}.Release|Any CPU.ActiveCfg = Release|Any CPU
		{C49F7DB7-ABB0-480D-B298-CD6BE21EF59B}.Release|Any CPU.Build.0 = Release|Any CPU
		{03B7A58F-BE2C-443C-896C-013AF2C0BCBE}.Debug|Any CPU.ActiveCfg = Debug|Any CPU
		{03B7A58F-BE2C-443C-896C-013AF2C0BCBE}.Debug|Any CPU.Build.0 = Debug|Any CPU
		{03B7A58F-BE2C-443C-896C-013AF2C0BCBE}.Release|Any CPU.ActiveCfg = Release|Any CPU
		{03B7A58F-BE2C-443C-896C-013AF2C0BCBE}.Release|Any CPU.Build.0 = Release|Any CPU
	EndGlobalSection
	GlobalSection(SolutionProperties) = preSolution
		HideSolutionNode = FALSE
	EndGlobalSection
	GlobalSection(ExtensibilityGlobals) = postSolution
		SolutionGuid = {38767C7F-EBBD-4796-9168-B2A7CD13B73E}
	EndGlobalSection
EndGlobal
